
Microsoft Visual Studio Solution File, Format Version 12.00
# Visual Studio Version 17
VisualStudioVersion = 17.10.35027.167
MinimumVisualStudioVersion = 10.0.40219.1
Project("{2150E333-8FDC-42A3-9474-1A3956D46DE8}") = "Solution Items", "Solution Items", "{02EA681E-C7D8-13C7-8484-4AC65E1B71E8}"
	ProjectSection(SolutionItems) = preProject
		README.md = README.md
	EndProjectSection
EndProject
Project("{2150E333-8FDC-42A3-9474-1A3956D46DE8}") = "backend", "backend", "{43CD38F3-1C17-454B-9AAB-756DB92A6C97}"
EndProject
Project("{2150E333-8FDC-42A3-9474-1A3956D46DE8}") = "frontend", "frontend", "{19DC731E-6BA0-4A6C-9666-7B2343E23035}"
EndProject
Project("{FAE04EC0-301F-11D3-BF4B-00C04F79EFBC}") = "FE.WebApp", "frontend\FE.WebApp\FE.WebApp.csproj", "{B50EE720-5E7D-4558-8C0C-0F8E18B0F895}"
EndProject
Project("{FAE04EC0-301F-11D3-BF4B-00C04F79EFBC}") = "FE.Application", "frontend\FE.Application\FE.Application.csproj", "{CA1BDDA3-5307-44BC-BD03-2DAE2FF38377}"
EndProject
Project("{FAE04EC0-301F-11D3-BF4B-00C04F79EFBC}") = "FE.ViewModels", "frontend\FE.ViewModels\FE.ViewModels.csproj", "{3F29DDAE-E44C-4288-B55A-5B3E41B0E592}"
EndProject
Project("{FAE04EC0-301F-11D3-BF4B-00C04F79EFBC}") = "BE.Api", "backend\BE.Api\BE.Api.csproj", "{C9AC2C6F-C7D8-449D-888A-5D3D56A68911}"
EndProject
Project("{FAE04EC0-301F-11D3-BF4B-00C04F79EFBC}") = "BE.Application", "backend\BE.Application\BE.Application.csproj", "{36E835BD-798E-43FC-9024-34E9241CBD9E}"
EndProject
Project("{FAE04EC0-301F-11D3-BF4B-00C04F79EFBC}") = "BE.Domain", "backend\BE.Domain\BE.Domain.csproj", "{AA382AE1-970A-429A-B3DC-58C67ECBEAB8}"
EndProject
Project("{FAE04EC0-301F-11D3-BF4B-00C04F79EFBC}") = "BE.Infrastructure", "backend\BE.Infrastructure\BE.Infrastructure.csproj", "{D5CB0972-A07C-4A2A-828F-01FB739B5CF0}"
EndProject
Project("{FAE04EC0-301F-11D3-BF4B-00C04F79EFBC}") = "BE.Persistence", "backend\BE.Persistence\BE.Persistence.csproj", "{8E417222-F40D-4870-BA40-4251F18D8836}"
EndProject
Project("{FAE04EC0-301F-11D3-BF4B-00C04F79EFBC}") = "BE.UnitTests", "backend\BE.UnitTests\BE.UnitTests.csproj", "{0E3835B2-1537-4A87-A7F5-CE5FFC7EE8DA}"
EndProject
Global
	GlobalSection(SolutionConfigurationPlatforms) = preSolution
		Debug|Any CPU = Debug|Any CPU
		Release|Any CPU = Release|Any CPU
	EndGlobalSection
	GlobalSection(ProjectConfigurationPlatforms) = postSolution
		{B50EE720-5E7D-4558-8C0C-0F8E18B0F895}.Debug|Any CPU.ActiveCfg = Debug|Any CPU
		{B50EE720-5E7D-4558-8C0C-0F8E18B0F895}.Debug|Any CPU.Build.0 = Debug|Any CPU
		{B50EE720-5E7D-4558-8C0C-0F8E18B0F895}.Release|Any CPU.ActiveCfg = Release|Any CPU
		{B50EE720-5E7D-4558-8C0C-0F8E18B0F895}.Release|Any CPU.Build.0 = Release|Any CPU
		{CA1BDDA3-5307-44BC-BD03-2DAE2FF38377}.Debug|Any CPU.ActiveCfg = Debug|Any CPU
		{CA1BDDA3-5307-44BC-BD03-2DAE2FF38377}.Debug|Any CPU.Build.0 = Debug|Any CPU
		{CA1BDDA3-5307-44BC-BD03-2DAE2FF38377}.Release|Any CPU.ActiveCfg = Release|Any CPU
		{CA1BDDA3-5307-44BC-BD03-2DAE2FF38377}.Release|Any CPU.Build.0 = Release|Any CPU
		{3F29DDAE-E44C-4288-B55A-5B3E41B0E592}.Debug|Any CPU.ActiveCfg = Debug|Any CPU
		{3F29DDAE-E44C-4288-B55A-5B3E41B0E592}.Debug|Any CPU.Build.0 = Debug|Any CPU
		{3F29DDAE-E44C-4288-B55A-5B3E41B0E592}.Release|Any CPU.ActiveCfg = Release|Any CPU
		{3F29DDAE-E44C-4288-B55A-5B3E41B0E592}.Release|Any CPU.Build.0 = Release|Any CPU
		{C9AC2C6F-C7D8-449D-888A-5D3D56A68911}.Debug|Any CPU.ActiveCfg = Debug|Any CPU
		{C9AC2C6F-C7D8-449D-888A-5D3D56A68911}.Debug|Any CPU.Build.0 = Debug|Any CPU
		{C9AC2C6F-C7D8-449D-888A-5D3D56A68911}.Release|Any CPU.ActiveCfg = Release|Any CPU
		{C9AC2C6F-C7D8-449D-888A-5D3D56A68911}.Release|Any CPU.Build.0 = Release|Any CPU
		{36E835BD-798E-43FC-9024-34E9241CBD9E}.Debug|Any CPU.ActiveCfg = Debug|Any CPU
		{36E835BD-798E-43FC-9024-34E9241CBD9E}.Debug|Any CPU.Build.0 = Debug|Any CPU
		{36E835BD-798E-43FC-9024-34E9241CBD9E}.Release|Any CPU.ActiveCfg = Release|Any CPU
		{36E835BD-798E-43FC-9024-34E9241CBD9E}.Release|Any CPU.Build.0 = Release|Any CPU
		{AA382AE1-970A-429A-B3DC-58C67ECBEAB8}.Debug|Any CPU.ActiveCfg = Debug|Any CPU
		{AA382AE1-970A-429A-B3DC-58C67ECBEAB8}.Debug|Any CPU.Build.0 = Debug|Any CPU
		{AA382AE1-970A-429A-B3DC-58C67ECBEAB8}.Release|Any CPU.ActiveCfg = Release|Any CPU
		{AA382AE1-970A-429A-B3DC-58C67ECBEAB8}.Release|Any CPU.Build.0 = Release|Any CPU
		{D5CB0972-A07C-4A2A-828F-01FB739B5CF0}.Debug|Any CPU.ActiveCfg = Debug|Any CPU
		{D5CB0972-A07C-4A2A-828F-01FB739B5CF0}.Debug|Any CPU.Build.0 = Debug|Any CPU
		{D5CB0972-A07C-4A2A-828F-01FB739B5CF0}.Release|Any CPU.ActiveCfg = Release|Any CPU
		{D5CB0972-A07C-4A2A-828F-01FB739B5CF0}.Release|Any CPU.Build.0 = Release|Any CPU
		{8E417222-F40D-4870-BA40-4251F18D8836}.Debug|Any CPU.ActiveCfg = Debug|Any CPU
		{8E417222-F40D-4870-BA40-4251F18D8836}.Debug|Any CPU.Build.0 = Debug|Any CPU
		{8E417222-F40D-4870-BA40-4251F18D8836}.Release|Any CPU.ActiveCfg = Release|Any CPU
		{8E417222-F40D-4870-BA40-4251F18D8836}.Release|Any CPU.Build.0 = Release|Any CPU
		{0E3835B2-1537-4A87-A7F5-CE5FFC7EE8DA}.Debug|Any CPU.ActiveCfg = Debug|Any CPU
		{0E3835B2-1537-4A87-A7F5-CE5FFC7EE8DA}.Debug|Any CPU.Build.0 = Debug|Any CPU
		{0E3835B2-1537-4A87-A7F5-CE5FFC7EE8DA}.Release|Any CPU.ActiveCfg = Release|Any CPU
		{0E3835B2-1537-4A87-A7F5-CE5FFC7EE8DA}.Release|Any CPU.Build.0 = Release|Any CPU
	EndGlobalSection
	GlobalSection(SolutionProperties) = preSolution
		HideSolutionNode = FALSE
	EndGlobalSection
	GlobalSection(NestedProjects) = preSolution
		{02EA681E-C7D8-13C7-8484-4AC65E1B71E8} = {43CD38F3-1C17-454B-9AAB-756DB92A6C97}
		{B50EE720-5E7D-4558-8C0C-0F8E18B0F895} = {19DC731E-6BA0-4A6C-9666-7B2343E23035}
		{CA1BDDA3-5307-44BC-BD03-2DAE2FF38377} = {19DC731E-6BA0-4A6C-9666-7B2343E23035}
		{3F29DDAE-E44C-4288-B55A-5B3E41B0E592} = {19DC731E-6BA0-4A6C-9666-7B2343E23035}
		{C9AC2C6F-C7D8-449D-888A-5D3D56A68911} = {43CD38F3-1C17-454B-9AAB-756DB92A6C97}
		{36E835BD-798E-43FC-9024-34E9241CBD9E} = {43CD38F3-1C17-454B-9AAB-756DB92A6C97}
		{AA382AE1-970A-429A-B3DC-58C67ECBEAB8} = {43CD38F3-1C17-454B-9AAB-756DB92A6C97}
		{D5CB0972-A07C-4A2A-828F-01FB739B5CF0} = {43CD38F3-1C17-454B-9AAB-756DB92A6C97}
		{8E417222-F40D-4870-BA40-4251F18D8836} = {43CD38F3-1C17-454B-9AAB-756DB92A6C97}
		{0E3835B2-1537-4A87-A7F5-CE5FFC7EE8DA} = {43CD38F3-1C17-454B-9AAB-756DB92A6C97}
	EndGlobalSection
	GlobalSection(ExtensibilityGlobals) = postSolution
		SolutionGuid = {FD2D4EA7-3CD8-436C-BED6-CFD7BEFA78D7}
	EndGlobalSection
EndGlobal
